
Microsoft Visual Studio Solution File, Format Version 12.00
# Visual Studio Version 17
VisualStudioVersion = 17.0.32126.317
MinimumVisualStudioVersion = 10.0.40219.1
Project("{FAE04EC0-301F-11D3-BF4B-00C04F79EFBC}") = "Spider_Navigation", "Spider_Navigation\Spider_Navigation.csproj", "{F00318AA-1D2E-4291-B49C-1C60F2C41ABA}"
EndProject
Global
	GlobalSection(SolutionConfigurationPlatforms) = preSolution
		Debug|Any CPU = Debug|Any CPU
		Release|Any CPU = Release|Any CPU
	EndGlobalSection
	GlobalSection(ProjectConfigurationPlatforms) = postSolution
		{F00318AA-1D2E-4291-B49C-1C60F2C41ABA}.Debug|Any CPU.ActiveCfg = Debug|Any CPU
		{F00318AA-1D2E-4291-B49C-1C60F2C41ABA}.Debug|Any CPU.Build.0 = Debug|Any CPU
		{F00318AA-1D2E-4291-B49C-1C60F2C41ABA}.Release|Any CPU.ActiveCfg = Release|Any CPU
		{F00318AA-1D2E-4291-B49C-1C60F2C41ABA}.Release|Any CPU.Build.0 = Release|Any CPU
	EndGlobalSection
	GlobalSection(SolutionProperties) = preSolution
		HideSolutionNode = FALSE
	EndGlobalSection
	GlobalSection(ExtensibilityGlobals) = postSolution
		SolutionGuid = {F8AF0B16-5624-460B-8027-9BA8F1B56D3A}
	EndGlobalSection
EndGlobal
